
Microsoft Visual Studio Solution File, Format Version 12.00
# Visual Studio Version 17
VisualStudioVersion = 17.9.34723.18
MinimumVisualStudioVersion = 10.0.40219.1
Project("{FAE04EC0-301F-11D3-BF4B-00C04F79EFBC}") = "Error_handling", "Error_handling\Error_handling.csproj", "{83CB942D-DC49-451B-B805-61FF274E85CD}"
EndProject
Global
	GlobalSection(SolutionConfigurationPlatforms) = preSolution
		Debug|Any CPU = Debug|Any CPU
		Release|Any CPU = Release|Any CPU
	EndGlobalSection
	GlobalSection(ProjectConfigurationPlatforms) = postSolution
		{83CB942D-DC49-451B-B805-61FF274E85CD}.Debug|Any CPU.ActiveCfg = Debug|Any CPU
		{83CB942D-DC49-451B-B805-61FF274E85CD}.Debug|Any CPU.Build.0 = Debug|Any CPU
		{83CB942D-DC49-451B-B805-61FF274E85CD}.Release|Any CPU.ActiveCfg = Release|Any CPU
		{83CB942D-DC49-451B-B805-61FF274E85CD}.Release|Any CPU.Build.0 = Release|Any CPU
	EndGlobalSection
	GlobalSection(SolutionProperties) = preSolution
		HideSolutionNode = FALSE
	EndGlobalSection
	GlobalSection(ExtensibilityGlobals) = postSolution
		SolutionGuid = {4D4C2475-F83E-4A0E-B9F0-2D8D3C06D5F7}
	EndGlobalSection
EndGlobal
